
Microsoft Visual Studio Solution File, Format Version 12.00
# Visual Studio Version 16
VisualStudioVersion = 25.0.1706.9
MinimumVisualStudioVersion = 10.0.40219.1
Project("{FAE04EC0-301F-11D3-BF4B-00C04F79EFBC}") = "MauiAuth0App", "MauiAuth0App.csproj", "{DB0794A1-02CB-4404-AC8A-462A449A5F3D}"
EndProject
Global
	GlobalSection(SolutionConfigurationPlatforms) = preSolution
		Debug|Any CPU = Debug|Any CPU
		Release|Any CPU = Release|Any CPU
	EndGlobalSection
	GlobalSection(ProjectConfigurationPlatforms) = postSolution
		{DB0794A1-02CB-4404-AC8A-462A449A5F3D}.Debug|Any CPU.ActiveCfg = Debug|Any CPU
		{DB0794A1-02CB-4404-AC8A-462A449A5F3D}.Debug|Any CPU.Build.0 = Debug|Any CPU
		{DB0794A1-02CB-4404-AC8A-462A449A5F3D}.Release|Any CPU.ActiveCfg = Release|Any CPU
		{DB0794A1-02CB-4404-AC8A-462A449A5F3D}.Release|Any CPU.Build.0 = Release|Any CPU
	EndGlobalSection
	GlobalSection(SolutionProperties) = preSolution
		HideSolutionNode = FALSE
	EndGlobalSection
	GlobalSection(ExtensibilityGlobals) = postSolution
		SolutionGuid = {D468B86C-588D-4E75-9886-AAEEBFF8BDFB}
	EndGlobalSection
EndGlobal
